{
  "name": "tests/transpiler-perf",
  "lockfileVersion": 3,
  "requires": true,
  "packages": {
    "": {
      "name": "tests/transpiler-perf",
      "devDependencies": {
        "three": "0.186.1"
      }
    },
    "node_modules/three": {
      "version": "0.186.1",
      "resolved": "https://registry.npmjs.org/three/-/three-0.186.1.tgz",
      "integrity": "sha512-blFeqb49wRCSGUGj7gtpfnSGHy2lwDk94RhUmS1c/hTby70kvChbWpkJ4Pm1390LqzzvTmzgXKHPEafJwCb8jA==",
      "dev": true,
      "license": "MIT"
    }
  }
}
