{
  "name": "tests/transpiler-perf",
  "lockfileVersion": 3,
  "requires": true,
  "packages": {
    "": {
      "name": "tests/transpiler-perf",
      "devDependencies": {
        "three": "0.185.1"
      }
    },
    "node_modules/three": {
      "version": "0.185.1",
      "resolved": "https://registry.npmjs.org/three/-/three-0.185.1.tgz",
      "integrity": "sha512-5aojFCXKwnjBRZvUnt3WFfEcvUJgkN5LlijRFN95hMy8WVkG4I0QNcJE+OuWvuJ0bOdStrbfXn0pkd6/QyiAlg==",
      "dev": true,
      "license": "MIT"
    }
  }
}
