{
  "name": "tests/transpiler-perf",
  "lockfileVersion": 3,
  "requires": true,
  "packages": {
    "": {
      "name": "tests/transpiler-perf",
      "devDependencies": {
        "@codemirror/state": "6.7.6",
        "@lezer/common": "1.5.3",
        "@lezer/highlight": "1.2.5",
        "@lezer/javascript": "1.5.5",
        "@lezer/lr": "1.4.10",
        "@vue/runtime-core": "3.5.43",
        "rxjs": "7.8.2",
        "three": "0.186.1"
      }
    },
    "node_modules/@codemirror/state": {
      "version": "6.7.6",
      "resolved": "https://registry.npmjs.org/@codemirror/state/-/state-6.7.6.tgz",
      "integrity": "sha512-kAz+AncRtKuIknedxT1bq4XwXv4UowhbkHU1myPrtVb/jZtImWuV5BXzv5vK6i3kYACsdiZiQKFQQ5Mq7elW8w==",
      "dev": true,
      "license": "MIT",
      "dependencies": {
        "@marijn/find-cluster-break": "^1.0.0"
      }
    },
    "node_modules/@lezer/common": {
      "version": "1.5.3",
      "resolved": "https://registry.npmjs.org/@lezer/common/-/common-1.5.3.tgz",
      "integrity": "sha512-H0iErY4e43LpXbYDyBci5W4v/RwTgGV3YzYOlJPiGZ8RY8w51kVE+xLn1tg3Z6UmSfyETvtsUK3r7YsgDQEI7Q==",
      "dev": true,
      "license": "MIT"
    },
    "node_modules/@lezer/highlight": {
      "version": "1.2.5",
      "resolved": "https://registry.npmjs.org/@lezer/highlight/-/highlight-1.2.5.tgz",
      "integrity": "sha512-O1GMVKgtf5YspFaRzpmqkVgMtIk2HG9uMAbH6wdAIdNh3TVzCsch/+cRi+6l2//UGDKe6NB9BW3cvuR5ezMQ0w==",
      "dev": true,
      "license": "MIT",
      "dependencies": {
        "@lezer/common": "^1.3.0"
      }
    },
    "node_modules/@lezer/javascript": {
      "version": "1.5.5",
      "resolved": "https://registry.npmjs.org/@lezer/javascript/-/javascript-1.5.5.tgz",
      "integrity": "sha512-sWg4yX1J6XW67AaAynVt0iwF0M5c+np36TEu+P2ifAJ8haRYvHnWDV28r1jdwnJehWCwXECutAUy56K4RBZIyg==",
      "dev": true,
      "license": "MIT",
      "dependencies": {
        "@lezer/common": "^1.2.0",
        "@lezer/highlight": "^1.1.3",
        "@lezer/lr": "^1.3.0"
      }
    },
    "node_modules/@lezer/lr": {
      "version": "1.4.10",
      "resolved": "https://registry.npmjs.org/@lezer/lr/-/lr-1.4.10.tgz",
      "integrity": "sha512-rnCpTIBafOx4mRp43xOxDJbFipJm/c0cia/V5TiGlhmMa+wsSdoGmUN3w5Bqrks/09Q/D4tNAmWaT8p6NRi77A==",
      "dev": true,
      "license": "MIT",
      "dependencies": {
        "@lezer/common": "^1.0.0"
      }
    },
    "node_modules/@marijn/find-cluster-break": {
      "version": "1.0.4",
      "resolved": "https://registry.npmjs.org/@marijn/find-cluster-break/-/find-cluster-break-1.0.4.tgz",
      "integrity": "sha512-Wy0V7+SGUjnF9/TkiM1hKVDPj7jKXduPNboMVtHTA8dySMURWqfg/JZ9E2Sq8JgSJmkl7k7Qe9FLeMSrSraWmQ==",
      "dev": true,
      "license": "MIT"
    },
    "node_modules/@vue/reactivity": {
      "version": "3.5.43",
      "resolved": "https://registry.npmjs.org/@vue/reactivity/-/reactivity-3.5.43.tgz",
      "integrity": "sha512-G/c9GyOZNI2jVaaS6OX1EF1SSFSv7H0ERqNTl4+DTFMlZmB5eVAB53aLQNam/7NL2NPtaDD7RdVrzf8uJzMuOA==",
      "dev": true,
      "license": "MIT",
      "dependencies": {
        "@vue/shared": "3.5.43"
      }
    },
    "node_modules/@vue/runtime-core": {
      "version": "3.5.43",
      "resolved": "https://registry.npmjs.org/@vue/runtime-core/-/runtime-core-3.5.43.tgz",
      "integrity": "sha512-hU6U6VnVhBGQDpvlnnDlIB8ZGJBiOcgk2lh/0InltHiz3D8oSkluvuvY+do1G2H3+udeKFsmaBlgVYP7gXQzEw==",
      "dev": true,
      "license": "MIT",
      "dependencies": {
        "@vue/reactivity": "3.5.43",
        "@vue/shared": "3.5.43"
      }
    },
    "node_modules/@vue/shared": {
      "version": "3.5.43",
      "resolved": "https://registry.npmjs.org/@vue/shared/-/shared-3.5.43.tgz",
      "integrity": "sha512-uksS7YGMR5NZyr4JNq0Rp+QyLns0ueaz20KwzIPW9R0LH1Vnt4E+XUM29PNseEbf1www2gOuhuDi5AKOIXag9Q==",
      "dev": true,
      "license": "MIT"
    },
    "node_modules/rxjs": {
      "version": "7.8.2",
      "resolved": "https://registry.npmjs.org/rxjs/-/rxjs-7.8.2.tgz",
      "integrity": "sha512-dhKf903U/PQZY6boNNtAGdWbG85WAbjT/1xYoZIC7FAY0yWapOBQVsVrDl58W86//e1VpMNBtRV4MaXfdMySFA==",
      "dev": true,
      "license": "Apache-2.0",
      "dependencies": {
        "tslib": "^2.1.0"
      }
    },
    "node_modules/three": {
      "version": "0.186.1",
      "resolved": "https://registry.npmjs.org/three/-/three-0.186.1.tgz",
      "integrity": "sha512-blFeqb49wRCSGUGj7gtpfnSGHy2lwDk94RhUmS1c/hTby70kvChbWpkJ4Pm1390LqzzvTmzgXKHPEafJwCb8jA==",
      "dev": true,
      "license": "MIT"
    },
    "node_modules/tslib": {
      "version": "2.8.1",
      "resolved": "https://registry.npmjs.org/tslib/-/tslib-2.8.1.tgz",
      "integrity": "sha512-oJFu94HQb+KVduSUQL7wnpmqnfmLsOA/nAh6b6EH0wCEoK0/mPeXU6c3wKDV83MkOuHPRHtSXKKU99IBazS/2w==",
      "dev": true,
      "license": "0BSD"
    }
  }
}
