{
  "name": "tests/unit-node",
  "lockfileVersion": 3,
  "requires": true,
  "packages": {
    "": {
      "name": "tests/unit-node",
      "devDependencies": {
        "qunit": "^2.24.3"
      }
    },
    "node_modules/commander": {
      "version": "7.2.0",
      "resolved": "https://registry.npmjs.org/commander/-/commander-7.2.0.tgz",
      "integrity": "sha512-QrWXB+ZQSVPmIWIhtEO9H+gwHaMGYiF5ChvoJ+K9ZGHG/sVsa6yiesAD1GC/x46sET00Xlwo1u49RVVVzvcSkw==",
      "dev": true,
      "license": "MIT",
      "engines": {
        "node": ">= 10"
      }
    },
    "node_modules/globalyzer": {
      "version": "0.1.0",
      "resolved": "https://registry.npmjs.org/globalyzer/-/globalyzer-0.1.0.tgz",
      "integrity": "sha512-40oNTM9UfG6aBmuKxk/giHn5nQ8RVz/SS4Ir6zgzOv9/qC3kKZ9v4etGTcJbEl/NyVQH7FGU7d+X1egr57Md2Q==",
      "dev": true,
      "license": "MIT"
    },
    "node_modules/globrex": {
      "version": "0.1.2",
      "resolved": "https://registry.npmjs.org/globrex/-/globrex-0.1.2.tgz",
      "integrity": "sha512-uHJgbwAMwNFf5mLst7IWLNg14x1CkeqglJb/K3doi4dw6q2IvAAmM/Y81kevy83wP+Sst+nutFTYOGg3d1lsxg==",
      "dev": true,
      "license": "MIT"
    },
    "node_modules/node-watch": {
      "version": "0.7.3",
      "resolved": "https://registry.npmjs.org/node-watch/-/node-watch-0.7.3.tgz",
      "integrity": "sha512-3l4E8uMPY1HdMMryPRUAl+oIHtXtyiTlIiESNSVSNxcPfzAFzeTbXFQkZfAwBbo0B1qMSG8nUABx+Gd+YrbKrQ==",
      "dev": true,
      "license": "MIT",
      "engines": {
        "node": ">=6"
      }
    },
    "node_modules/qunit": {
      "version": "2.24.3",
      "resolved": "https://registry.npmjs.org/qunit/-/qunit-2.24.3.tgz",
      "integrity": "sha512-JTHwSfHf2Cw8TqusZo2tT4F9d+XA/pp/veoxUDiPNHtB1Wc1VPctiHHIv6HA3vrXNOBu9LSzFM7YU2OV9Gz4vQ==",
      "dev": true,
      "license": "MIT",
      "dependencies": {
        "commander": "7.2.0",
        "node-watch": "0.7.3",
        "tiny-glob": "0.2.9"
      },
      "bin": {
        "qunit": "bin/qunit.js"
      },
      "engines": {
        "node": ">=10"
      }
    },
    "node_modules/tiny-glob": {
      "version": "0.2.9",
      "resolved": "https://registry.npmjs.org/tiny-glob/-/tiny-glob-0.2.9.tgz",
      "integrity": "sha512-g/55ssRPUjShh+xkfx9UPDXqhckHEsHr4Vd9zX55oSdGZc/MD0m3sferOkwWtp98bv+kcVfEHtRJgBVJzelrzg==",
      "dev": true,
      "license": "MIT",
      "dependencies": {
        "globalyzer": "0.1.0",
        "globrex": "^0.1.2"
      }
    }
  }
}
