{
  "name": "scripts/check-actions",
  "lockfileVersion": 3,
  "requires": true,
  "packages": {
    "": {
      "name": "scripts/check-actions",
      "devDependencies": {
        "actions-up": "^1.9.0"
      }
    },
    "node_modules/actions-up": {
      "version": "1.9.0",
      "resolved": "https://registry.npmjs.org/actions-up/-/actions-up-1.9.0.tgz",
      "integrity": "sha512-CnQeZbXYZrv0+Xndm8FAVx/LJ/C4pPJT710lOGemuPJ7m5w7brq8CuxyTzxn4v/2g3n+sket5Wl3ZQkdnc47BQ==",
      "dev": true,
      "license": "MIT",
      "dependencies": {
        "cac": "^6.7.14",
        "enquirer": "^2.4.1",
        "nanospinner": "^1.2.2",
        "picocolors": "^1.1.1",
        "semver": "^7.7.3",
        "yaml": "^2.8.2"
      },
      "bin": {
        "actions-up": "bin/actions-up.js"
      },
      "engines": {
        "node": "^18.0.0 || >=20.0.0"
      }
    },
    "node_modules/ansi-colors": {
      "version": "4.1.3",
      "resolved": "https://registry.npmjs.org/ansi-colors/-/ansi-colors-4.1.3.tgz",
      "integrity": "sha512-/6w/C21Pm1A7aZitlI5Ni/2J6FFQN8i1Cvz3kHABAAbw93v/NlvKdVOqz7CCWz/3iv/JplRSEEZ83XION15ovw==",
      "dev": true,
      "license": "MIT",
      "engines": {
        "node": ">=6"
      }
    },
    "node_modules/ansi-regex": {
      "version": "5.0.1",
      "resolved": "https://registry.npmjs.org/ansi-regex/-/ansi-regex-5.0.1.tgz",
      "integrity": "sha512-quJQXlTSUGL2LH9SUXo8VwsY4soanhgo6LNSm84E1LBcE8s3O0wpdiRzyR9z/ZZJMlMWv37qOOb9pdJlMUEKFQ==",
      "dev": true,
      "license": "MIT",
      "engines": {
        "node": ">=8"
      }
    },
    "node_modules/cac": {
      "version": "6.7.14",
      "resolved": "https://registry.npmjs.org/cac/-/cac-6.7.14.tgz",
      "integrity": "sha512-b6Ilus+c3RrdDk+JhLKUAQfzzgLEPy6wcXqS7f/xe1EETvsDP6GORG7SFuOs6cID5YkqchW/LXZbX5bc8j7ZcQ==",
      "dev": true,
      "license": "MIT",
      "engines": {
        "node": ">=8"
      }
    },
    "node_modules/enquirer": {
      "version": "2.4.1",
      "resolved": "https://registry.npmjs.org/enquirer/-/enquirer-2.4.1.tgz",
      "integrity": "sha512-rRqJg/6gd538VHvR3PSrdRBb/1Vy2YfzHqzvbhGIQpDRKIa4FgV/54b5Q1xYSxOOwKvjXweS26E0Q+nAMwp2pQ==",
      "dev": true,
      "license": "MIT",
      "dependencies": {
        "ansi-colors": "^4.1.1",
        "strip-ansi": "^6.0.1"
      },
      "engines": {
        "node": ">=8.6"
      }
    },
    "node_modules/nanospinner": {
      "version": "1.2.2",
      "resolved": "https://registry.npmjs.org/nanospinner/-/nanospinner-1.2.2.tgz",
      "integrity": "sha512-Zt/AmG6qRU3e+WnzGGLuMCEAO/dAu45stNbHY223tUxldaDAeE+FxSPsd9Q+j+paejmm0ZbrNVs5Sraqy3dRxA==",
      "dev": true,
      "license": "MIT",
      "dependencies": {
        "picocolors": "^1.1.1"
      }
    },
    "node_modules/picocolors": {
      "version": "1.1.1",
      "resolved": "https://registry.npmjs.org/picocolors/-/picocolors-1.1.1.tgz",
      "integrity": "sha512-xceH2snhtb5M9liqDsmEw56le376mTZkEX/jEb/RxNFyegNul7eNslCXP9FDj/Lcu0X8KEyMceP2ntpaHrDEVA==",
      "dev": true,
      "license": "ISC"
    },
    "node_modules/semver": {
      "version": "7.7.3",
      "resolved": "https://registry.npmjs.org/semver/-/semver-7.7.3.tgz",
      "integrity": "sha512-SdsKMrI9TdgjdweUSR9MweHA4EJ8YxHn8DFaDisvhVlUOe4BF1tLD7GAj0lIqWVl+dPb/rExr0Btby5loQm20Q==",
      "dev": true,
      "license": "ISC",
      "bin": {
        "semver": "bin/semver.js"
      },
      "engines": {
        "node": ">=10"
      }
    },
    "node_modules/strip-ansi": {
      "version": "6.0.1",
      "resolved": "https://registry.npmjs.org/strip-ansi/-/strip-ansi-6.0.1.tgz",
      "integrity": "sha512-Y38VPSHcqkFrCpFnQ9vuSXmquuv5oXOKpGeT6aGrr3o3Gc9AlVa6JBfUSOCnbxGGZF+/0ooI7KrPuUSztUdU5A==",
      "dev": true,
      "license": "MIT",
      "dependencies": {
        "ansi-regex": "^5.0.1"
      },
      "engines": {
        "node": ">=8"
      }
    },
    "node_modules/yaml": {
      "version": "2.8.2",
      "resolved": "https://registry.npmjs.org/yaml/-/yaml-2.8.2.tgz",
      "integrity": "sha512-mplynKqc1C2hTVYxd0PU2xQAc22TI1vShAYGksCCfxbn/dFwnHTNi1bvYsBTkhdUNtGIf5xNOg938rrSSYvS9A==",
      "dev": true,
      "license": "ISC",
      "bin": {
        "yaml": "bin.mjs"
      },
      "engines": {
        "node": ">= 14.6"
      },
      "funding": {
        "url": "https://github.com/sponsors/eemeli"
      }
    }
  }
}
