{
  "name": "scripts/check-dependencies",
  "lockfileVersion": 3,
  "requires": true,
  "packages": {
    "": {
      "name": "scripts/check-dependencies",
      "devDependencies": {
        "updates": "^17.0.7"
      }
    },
    "node_modules/updates": {
      "version": "17.0.7",
      "resolved": "https://registry.npmjs.org/updates/-/updates-17.0.7.tgz",
      "integrity": "sha512-VyFnSuoXC5qxpq2XVM2BaR0sjTXpDGYj6aTCNu92KvxtnpBVh1nPYJsSXKktgRGx4jsGXFjLhPsXndYpv/o8AA==",
      "dev": true,
      "license": "BSD-2-Clause",
      "bin": {
        "updates": "dist/index.js"
      },
      "engines": {
        "node": ">=22"
      }
    }
  }
}
