{
  "name": "scripts/check-dependencies",
  "lockfileVersion": 3,
  "requires": true,
  "packages": {
    "": {
      "name": "scripts/check-dependencies",
      "devDependencies": {
        "updates": "^17.5.0"
      }
    },
    "node_modules/updates": {
      "version": "17.5.0",
      "resolved": "https://registry.npmjs.org/updates/-/updates-17.5.0.tgz",
      "integrity": "sha512-zqSnX2AvEdpm+KDot7RPU0Ind7l4z0PlY3MdCEYL3KvUG62KY5dSnxOHsTaE/5eNenfuNzhtN2gtuags9zfHKw==",
      "dev": true,
      "license": "BSD-2-Clause",
      "bin": {
        "updates": "dist/index.js"
      },
      "engines": {
        "node": ">=22"
      }
    }
  }
}
