{
  "name": "scripts/check-dependencies",
  "lockfileVersion": 3,
  "requires": true,
  "packages": {
    "": {
      "name": "scripts/check-dependencies",
      "devDependencies": {
        "updates": "^14.2.8"
      }
    },
    "node_modules/updates": {
      "version": "14.2.8",
      "resolved": "https://registry.npmjs.org/updates/-/updates-14.2.8.tgz",
      "integrity": "sha512-Ca+M1vKKBBRiQSi3yrN8OdncmP9osIf1oJM/HpEIHeDvyGLs/noTi9X2LS4zl50VXRTSCqssF5CZN0XWzSPigg==",
      "dev": true,
      "bin": {
        "updates": "bin/updates.js"
      },
      "engines": {
        "node": ">=16"
      }
    }
  }
}
