{
  "name": "tests/observables",
  "lockfileVersion": 3,
  "requires": true,
  "packages": {
    "": {
      "name": "tests/observables",
      "devDependencies": {
        "es-observable": "tc39/proposal-observable#d3404f06bc70c7c578a5047dfb3dc813730e3319",
        "moon-unit": "0.2.2"
      }
    },
    "node_modules/es-observable": {
      "version": "0.3.0",
      "resolved": "git+ssh://git@github.com/tc39/proposal-observable.git#d3404f06bc70c7c578a5047dfb3dc813730e3319",
      "integrity": "sha512-eeWKtL9o9BGH/NHY77Wqn8CJRs2jL3dHCVr4dDipgu+ik/jBHl4DHJTjEUXXPuD08PaAkC8i9JfIfU1WOkVHLw==",
      "dev": true
    },
    "node_modules/moon-unit": {
      "version": "0.2.2",
      "resolved": "https://registry.npmjs.org/moon-unit/-/moon-unit-0.2.2.tgz",
      "integrity": "sha512-MJMMeBg1u5Colum/DhhKZtw6SUQet2hg298xrm+5+ScQH+t6YNSMMcD4sQ2mA8/7hKXK7pv0p4dEgPyVB5U7UQ==",
      "dev": true
    }
  }
}
