{
  "name": "scripts/build-entries-and-types",
  "lockfileVersion": 3,
  "requires": true,
  "packages": {
    "": {
      "name": "scripts/build-entries-and-types",
      "devDependencies": {
        "dedent": "^1.7.1"
      }
    },
    "node_modules/dedent": {
      "version": "1.7.1",
      "resolved": "https://registry.npmjs.org/dedent/-/dedent-1.7.1.tgz",
      "integrity": "sha512-9JmrhGZpOlEgOLdQgSm0zxFaYoQon408V1v49aqTWuXENVlnCuY9JBZcXZiCsZQWDjTm5Qf/nIvAy77mXDAjEg==",
      "dev": true,
      "license": "MIT",
      "peerDependencies": {
        "babel-plugin-macros": "^3.1.0"
      },
      "peerDependenciesMeta": {
        "babel-plugin-macros": {
          "optional": true
        }
      }
    }
  }
}
