{
  "name": "tests/publint",
  "lockfileVersion": 3,
  "requires": true,
  "packages": {
    "": {
      "name": "tests/publint",
      "devDependencies": {
        "publint": "^0.3.7"
      }
    },
    "node_modules/@publint/pack": {
      "version": "0.1.1",
      "resolved": "https://registry.npmjs.org/@publint/pack/-/pack-0.1.1.tgz",
      "integrity": "sha512-TvCl79Y8v18ZhFGd5mjO1kYPovSBq3+4LVCi5Nfl1JI8fS8i8kXbgQFGwBJRXczim8GlW8c2LMBKTtExYXOy/A==",
      "dev": true,
      "license": "MIT",
      "engines": {
        "node": ">=18"
      },
      "funding": {
        "url": "https://bjornlu.com/sponsor"
      }
    },
    "node_modules/mri": {
      "version": "1.2.0",
      "resolved": "https://registry.npmjs.org/mri/-/mri-1.2.0.tgz",
      "integrity": "sha512-tzzskb3bG8LvYGFF/mDTpq3jpI6Q9wc3LEmBaghu+DdCssd1FakN7Bc0hVNmEyGq1bq3RgfkCb3cmQLpNPOroA==",
      "dev": true,
      "license": "MIT",
      "engines": {
        "node": ">=4"
      }
    },
    "node_modules/package-manager-detector": {
      "version": "0.2.10",
      "resolved": "https://registry.npmjs.org/package-manager-detector/-/package-manager-detector-0.2.10.tgz",
      "integrity": "sha512-1wlNZK7HW+UE3eGCcMv3hDaYokhspuIeH6enXSnCL1eEZSVDsy/dYwo/4CczhUsrKLA1SSXB+qce8Glw5DEVtw==",
      "dev": true,
      "license": "MIT",
      "dependencies": {
        "quansync": "^0.2.2"
      }
    },
    "node_modules/picocolors": {
      "version": "1.1.1",
      "resolved": "https://registry.npmjs.org/picocolors/-/picocolors-1.1.1.tgz",
      "integrity": "sha512-xceH2snhtb5M9liqDsmEw56le376mTZkEX/jEb/RxNFyegNul7eNslCXP9FDj/Lcu0X8KEyMceP2ntpaHrDEVA==",
      "dev": true,
      "license": "ISC"
    },
    "node_modules/publint": {
      "version": "0.3.7",
      "resolved": "https://registry.npmjs.org/publint/-/publint-0.3.7.tgz",
      "integrity": "sha512-UJAdT3pHmhxGHfFadlZZnTZWNyagwPplW4YJ7kM0ysDs45otRnusonRxeWYQHrdryWxAntsjCuXcUHkbUHGk7g==",
      "dev": true,
      "license": "MIT",
      "dependencies": {
        "@publint/pack": "^0.1.1",
        "package-manager-detector": "^0.2.9",
        "picocolors": "^1.1.1",
        "sade": "^1.8.1"
      },
      "bin": {
        "publint": "src/cli.js"
      },
      "engines": {
        "node": ">=18"
      },
      "funding": {
        "url": "https://bjornlu.com/sponsor"
      }
    },
    "node_modules/quansync": {
      "version": "0.2.6",
      "resolved": "https://registry.npmjs.org/quansync/-/quansync-0.2.6.tgz",
      "integrity": "sha512-u3TuxVTuJtkTxKGk5oZ7K2/o+l0/cC6J8SOyaaSnrnroqvcVy7xBxtvBUyd+Xa8cGoCr87XmQj4NR6W+zbqH8w==",
      "dev": true,
      "funding": [
        {
          "type": "individual",
          "url": "https://github.com/sponsors/antfu"
        },
        {
          "type": "individual",
          "url": "https://github.com/sponsors/sxzz"
        }
      ],
      "license": "MIT"
    },
    "node_modules/sade": {
      "version": "1.8.1",
      "resolved": "https://registry.npmjs.org/sade/-/sade-1.8.1.tgz",
      "integrity": "sha512-xal3CZX1Xlo/k4ApwCFrHVACi9fBqJ7V+mwhBsuf/1IOKbBy098Fex+Wa/5QMubw09pSZ/u8EY8PWgevJsXp1A==",
      "dev": true,
      "license": "MIT",
      "dependencies": {
        "mri": "^1.1.0"
      },
      "engines": {
        "node": ">=6"
      }
    }
  }
}
